// !$*UTF8*$!
{
	archiveVersion = 1;
	classes = {
	};
	objectVersion = 50;
	objects = {

/* Begin PBXBuildFile section */
		EC8C58A224A438D70017A157 /* AppDelegate.swift in Sources */ = {isa = PBXBuildFile; fileRef = EC8C58A124A438D70017A157 /* AppDelegate.swift */; };
		EC8C58A424A438D70017A157 /* SceneDelegate.swift in Sources */ = {isa = PBXBuildFile; fileRef = EC8C58A324A438D70017A157 /* SceneDelegate.swift */; };
		EC8C58A624A438D70017A157 /* MainViewController.swift in Sources */ = {isa = PBXBuildFile; fileRef = EC8C58A524A438D70017A157 /* MainViewController.swift */; };
		EC8C58A924A438D70017A157 /* Main.storyboard in Resources */ = {isa = PBXBuildFile; fileRef = EC8C58A724A438D70017A157 /* Main.storyboard */; };
		EC8C58AC24A438D70017A157 /* iEat2.xcdatamodeld in Sources */ = {isa = PBXBuildFile; fileRef = EC8C58AA24A438D70017A157 /* iEat2.xcdatamodeld */; };
		EC8C58AE24A438D90017A157 /* Assets.xcassets in Resources */ = {isa = PBXBuildFile; fileRef = EC8C58AD24A438D90017A157 /* Assets.xcassets */; };
		EC8C58B124A438D90017A157 /* LaunchScreen.storyboard in Resources */ = {isa = PBXBuildFile; fileRef = EC8C58AF24A438D90017A157 /* LaunchScreen.storyboard */; };
		EC8C58B924A43CF70017A157 /* CustomTableViewController.swift in Sources */ = {isa = PBXBuildFile; fileRef = EC8C58B824A43CF70017A157 /* CustomTableViewController.swift */; };
/* End PBXBuildFile section */

/* Begin PBXFileReference section */
		EC8C589E24A438D70017A157 /* iEat2.app */ = {isa = PBXFileReference; explicitFileType = wrapper.application; includeInIndex = 0; path = iEat2.app; sourceTree = BUILT_PRODUCTS_DIR; };
		EC8C58A124A438D70017A157 /* AppDelegate.swift */ = {isa = PBXFileReference; lastKnownFileType = sourcecode.swift; path = AppDelegate.swift; sourceTree = "<group>"; };
		EC8C58A324A438D70017A157 /* SceneDelegate.swift */ = {isa = PBXFileReference; lastKnownFileType = sourcecode.swift; path = SceneDelegate.swift; sourceTree = "<group>"; };
		EC8C58A524A438D70017A157 /* MainViewController.swift */ = {isa = PBXFileReference; lastKnownFileType = sourcecode.swift; path = MainViewController.swift; sourceTree = "<group>"; };
		EC8C58A824A438D70017A157 /* Base */ = {isa = PBXFileReference; lastKnownFileType = file.storyboard; name = Base; path = Base.lproj/Main.storyboard; sourceTree = "<group>"; };
		EC8C58AB24A438D70017A157 /* iEat2.xcdatamodel */ = {isa = PBXFileReference; lastKnownFileType = wrapper.xcdatamodel; path = iEat2.xcdatamodel; sourceTree = "<group>"; };
		EC8C58AD24A438D90017A157 /* Assets.xcassets */ = {isa = PBXFileReference; lastKnownFileType = folder.assetcatalog; path = Assets.xcassets; sourceTree = "<group>"; };
		EC8C58B024A438D90017A157 /* Base */ = {isa = PBXFileReference; lastKnownFileType = file.storyboard; name = Base; path = Base.lproj/LaunchScreen.storyboard; sourceTree = "<group>"; };
		EC8C58B224A438D90017A157 /* Info.plist */ = {isa = PBXFileReference; lastKnownFileType = text.plist.xml; path = Info.plist; sourceTree = "<group>"; };
		EC8C58B824A43CF70017A157 /* CustomTableViewController.swift */ = {isa = PBXFileReference; lastKnownFileType = sourcecode.swift; path = CustomTableViewController.swift; sourceTree = "<group>"; };
/* End PBXFileReference section */

/* Begin PBXFrameworksBuildPhase section */
		EC8C589B24A438D70017A157 /* Frameworks */ = {
			isa = PBXFrameworksBuildPhase;
			buildActionMask = 2147483647;
			files = (
			);
			runOnlyForDeploymentPostprocessing = 0;
		};
/* End PBXFrameworksBuildPhase section */

/* Begin PBXGroup section */
		EC8C589524A438D70017A157 = {
			isa = PBXGroup;
			children = (
				EC8C58A024A438D70017A157 /* iEat2 */,
				EC8C589F24A438D70017A157 /* Products */,
			);
			sourceTree = "<group>";
		};
		EC8C589F24A438D70017A157 /* Products */ = {
			isa = PBXGroup;
			children = (
				EC8C589E24A438D70017A157 /* iEat2.app */,
			);
			name = Products;
			sourceTree = "<group>";
		};
		EC8C58A024A438D70017A157 /* iEat2 */ = {
			isa = PBXGroup;
			children = (
				EC8C58A124A438D70017A157 /* AppDelegate.swift */,
				EC8C58A324A438D70017A157 /* SceneDelegate.swift */,
				EC8C58BE24A440FD0017A157 /* View */,
				EC8C58BD24A440F60017A157 /* Controller */,
				EC8C58AD24A438D90017A157 /* Assets.xcassets */,
				EC8C58AF24A438D90017A157 /* LaunchScreen.storyboard */,
				EC8C58B224A438D90017A157 /* Info.plist */,
				EC8C58AA24A438D70017A157 /* iEat2.xcdatamodeld */,
			);
			path = iEat2;
			sourceTree = "<group>";
		};
		EC8C58BD24A440F60017A157 /* Controller */ = {
			isa = PBXGroup;
			children = (
				EC8C58B824A43CF70017A157 /* CustomTableViewController.swift */,
				EC8C58A524A438D70017A157 /* MainViewController.swift */,
			);
			path = Controller;
			sourceTree = "<group>";
		};
		EC8C58BE24A440FD0017A157 /* View */ = {
			isa = PBXGroup;
			children = (
				EC8C58A724A438D70017A157 /* Main.storyboard */,
			);
			path = View;
			sourceTree = "<group>";
		};
/* End PBXGroup section */

/* Begin PBXNativeTarget section */
		EC8C589D24A438D70017A157 /* iEat2 */ = {
			isa = PBXNativeTarget;
			buildConfigurationList = EC8C58B524A438D90017A157 /* Build configuration list for PBXNativeTarget "iEat2" */;
			buildPhases = (
				EC8C589A24A438D70017A157 /* Sources */,
				EC8C589B24A438D70017A157 /* Frameworks */,
				EC8C589C24A438D70017A157 /* Resources */,
			);
			buildRules = (
			);
			dependencies = (
			);
			name = iEat2;
			productName = iEat2;
			productReference = EC8C589E24A438D70017A157 /* iEat2.app */;
			productType = "com.apple.product-type.application";
		};
/* End PBXNativeTarget section */

/* Begin PBXProject section */
		EC8C589624A438D70017A157 /* Project object */ = {
			isa = PBXProject;
			attributes = {
				LastSwiftUpdateCheck = 1150;
				LastUpgradeCheck = 1150;
				ORGANIZATIONNAME = Adithep;
				TargetAttributes = {
					EC8C589D24A438D70017A157 = {
						CreatedOnToolsVersion = 11.5;
					};
				};
			};
			buildConfigurationList = EC8C589924A438D70017A157 /* Build configuration list for PBXProject "iEat2" */;
			compatibilityVersion = "Xcode 9.3";
			developmentRegion = en;
			hasScannedForEncodings = 0;
			knownRegions = (
				en,
				Base,
			);
			mainGroup = EC8C589524A438D70017A157;
			productRefGroup = EC8C589F24A438D70017A157 /* Products */;
			projectDirPath = "";
			projectRoot = "";
			targets = (
				EC8C589D24A438D70017A157 /* iEat2 */,
			);
		};
/* End PBXProject section */

/* Begin PBXResourcesBuildPhase section */
		EC8C589C24A438D70017A157 /* Resources */ = {
			isa = PBXResourcesBuildPhase;
			buildActionMask = 2147483647;
			files = (
				EC8C58B124A438D90017A157 /* LaunchScreen.storyboard in Resources */,
				EC8C58AE24A438D90017A157 /* Assets.xcassets in Resources */,
				EC8C58A924A438D70017A157 /* Main.storyboard in Resources */,
			);
			runOnlyForDeploymentPostprocessing = 0;
		};
/* End PBXResourcesBuildPhase section */

/* Begin PBXSourcesBuildPhase section */
		EC8C589A24A438D70017A157 /* Sources */ = {
			isa = PBXSourcesBuildPhase;
			buildActionMask = 2147483647;
			files = (
				EC8C58A624A438D70017A157 /* MainViewController.swift in Sources */,
				EC8C58A224A438D70017A157 /* AppDelegate.swift in Sources */,
				EC8C58A424A438D70017A157 /* SceneDelegate.swift in Sources */,
				EC8C58AC24A438D70017A157 /* iEat2.xcdatamodeld in Sources */,
				EC8C58B924A43CF70017A157 /* CustomTableViewController.swift in Sources */,
			);
			runOnlyForDeploymentPostprocessing = 0;
		};
/* End PBXSourcesBuildPhase section */

/* Begin PBXVariantGroup section */
		EC8C58A724A438D70017A157 /* Main.storyboard */ = {
			isa = PBXVariantGroup;
			children = (
				EC8C58A824A438D70017A157 /* Base */,
			);
			name = Main.storyboard;
			sourceTree = "<group>";
		};
		EC8C58AF24A438D90017A157 /* LaunchScreen.storyboard */ = {
			isa = PBXVariantGroup;
			children = (
				EC8C58B024A438D90017A157 /* Base */,
			);
			name = LaunchScreen.storyboard;
			sourceTree = "<group>";
		};
/* End PBXVariantGroup section */

/* Begin XCBuildConfiguration section */
		EC8C58B324A438D90017A157 /* Debug */ = {
			isa = XCBuildConfiguration;
			buildSettings = {
				ALWAYS_SEARCH_USER_PATHS = NO;
				CLANG_ANALYZER_NONNULL = YES;
				CLANG_ANALYZER_NUMBER_OBJECT_CONVERSION = YES_AGGRESSIVE;
				CLANG_CXX_LANGUAGE_STANDARD = "gnu++14";
				CLANG_CXX_LIBRARY = "libc++";
				CLANG_ENABLE_MODULES = YES;
				CLANG_ENABLE_OBJC_ARC = YES;
				CLANG_ENABLE_OBJC_WEAK = YES;
				CLANG_WARN_BLOCK_CAPTURE_AUTORELEASING = YES;
				CLANG_WARN_BOOL_CONVERSION = YES;
				CLANG_WARN_COMMA = YES;
				CLANG_WARN_CONSTANT_CONVERSION = YES;
				CLANG_WARN_DEPRECATED_OBJC_IMPLEMENTATIONS = YES;
				CLANG_WARN_DIRECT_OBJC_ISA_USAGE = YES_ERROR;
				CLANG_WARN_DOCUMENTATION_COMMENTS = YES;
				CLANG_WARN_EMPTY_BODY = YES;
				CLANG_WARN_ENUM_CONVERSION = YES;
				CLANG_WARN_INFINITE_RECURSION = YES;
				CLANG_WARN_INT_CONVERSION = YES;
				CLANG_WARN_NON_LITERAL_NULL_CONVERSION = YES;
				CLANG_WARN_OBJC_IMPLICIT_RETAIN_SELF = YES;
				CLANG_WARN_OBJC_LITERAL_CONVERSION = YES;
				CLANG_WARN_OBJC_ROOT_CLASS = YES_ERROR;
				CLANG_WARN_RANGE_LOOP_ANALYSIS = YES;
				CLANG_WARN_STRICT_PROTOTYPES = YES;
				CLANG_WARN_SUSPICIOUS_MOVE = YES;
				CLANG_WARN_UNGUARDED_AVAILABILITY = YES_AGGRESSIVE;
				CLANG_WARN_UNREACHABLE_CODE = YES;
				CLANG_WARN__DUPLICATE_METHOD_MATCH = YES;
				COPY_PHASE_STRIP = NO;
				DEBUG_INFORMATION_FORMAT = dwarf;
				ENABLE_STRICT_OBJC_MSGSEND = YES;
				ENABLE_TESTABILITY = YES;
				GCC_C_LANGUAGE_STANDARD = gnu11;
				GCC_DYNAMIC_NO_PIC = NO;
				GCC_NO_COMMON_BLOCKS = YES;
				GCC_OPTIMIZATION_LEVEL = 0;
				GCC_PREPROCESSOR_DEFINITIONS = (
					"DEBUG=1",
					"$(inherited)",
				);
				GCC_WARN_64_TO_32_BIT_CONVERSION = YES;
				GCC_WARN_ABOUT_RETURN_TYPE = YES_ERROR;
				GCC_WARN_UNDECLARED_SELECTOR = YES;
				GCC_WARN_UNINITIALIZED_AUTOS = YES_AGGRESSIVE;
				GCC_WARN_UNUSED_FUNCTION = YES;
				GCC_WARN_UNUSED_VARIABLE = YES;
				IPHONEOS_DEPLOYMENT_TARGET = 13.5;
				MTL_ENABLE_DEBUG_INFO = INCLUDE_SOURCE;
				MTL_FAST_MATH = YES;
				ONLY_ACTIVE_ARCH = YES;
				SDKROOT = iphoneos;
				SWIFT_ACTIVE_COMPILATION_CONDITIONS = DEBUG;
				SWIFT_OPTIMIZATION_LEVEL = "-Onone";
			};
			name = Debug;
		};
		EC8C58B424A438D90017A157 /* Release */ = {
			isa = XCBuildConfiguration;
			buildSettings = {
				ALWAYS_SEARCH_USER_PATHS = NO;
				CLANG_ANALYZER_NONNULL = YES;
				CLANG_ANALYZER_NUMBER_OBJECT_CONVERSION = YES_AGGRESSIVE;
				CLANG_CXX_LANGUAGE_STANDARD = "gnu++14";
				CLANG_CXX_LIBRARY = "libc++";
				CLANG_ENABLE_MODULES = YES;
				CLANG_ENABLE_OBJC_ARC = YES;
				CLANG_ENABLE_OBJC_WEAK = YES;
				CLANG_WARN_BLOCK_CAPTURE_AUTORELEASING = YES;
				CLANG_WARN_BOOL_CONVERSION = YES;
				CLANG_WARN_COMMA = YES;
				CLANG_WARN_CONSTANT_CONVERSION = YES;
				CLANG_WARN_DEPRECATED_OBJC_IMPLEMENTATIONS = YES;
				CLANG_WARN_DIRECT_OBJC_ISA_USAGE = YES_ERROR;
				CLANG_WARN_DOCUMENTATION_COMMENTS = YES;
				CLANG_WARN_EMPTY_BODY = YES;
				CLANG_WARN_ENUM_CONVERSION = YES;
				CLANG_WARN_INFINITE_RECURSION = YES;
				CLANG_WARN_INT_CONVERSION = YES;
				CLANG_WARN_NON_LITERAL_NULL_CONVERSION = YES;
				CLANG_WARN_OBJC_IMPLICIT_RETAIN_SELF = YES;
				CLANG_WARN_OBJC_LITERAL_CONVERSION = YES;
				CLANG_WARN_OBJC_ROOT_CLASS = YES_ERROR;
				CLANG_WARN_RANGE_LOOP_ANALYSIS = YES;
				CLANG_WARN_STRICT_PROTOTYPES = YES;
				CLANG_WARN_SUSPICIOUS_MOVE = YES;
				CLANG_WARN_UNGUARDED_AVAILABILITY = YES_AGGRESSIVE;
				CLANG_WARN_UNREACHABLE_CODE = YES;
				CLANG_WARN__DUPLICATE_METHOD_MATCH = YES;
				COPY_PHASE_STRIP = NO;
				DEBUG_INFORMATION_FORMAT = "dwarf-with-dsym";
				ENABLE_NS_ASSERTIONS = NO;
				ENABLE_STRICT_OBJC_MSGSEND = YES;
				GCC_C_LANGUAGE_STANDARD = gnu11;
				GCC_NO_COMMON_BLOCKS = YES;
				GCC_WARN_64_TO_32_BIT_CONVERSION = YES;
				GCC_WARN_ABOUT_RETURN_TYPE = YES_ERROR;
				GCC_WARN_UNDECLARED_SELECTOR = YES;
				GCC_WARN_UNINITIALIZED_AUTOS = YES_AGGRESSIVE;
				GCC_WARN_UNUSED_FUNCTION = YES;
				GCC_WARN_UNUSED_VARIABLE = YES;
				IPHONEOS_DEPLOYMENT_TARGET = 13.5;
				MTL_ENABLE_DEBUG_INFO = NO;
				MTL_FAST_MATH = YES;
				SDKROOT = iphoneos;
				SWIFT_COMPILATION_MODE = wholemodule;
				SWIFT_OPTIMIZATION_LEVEL = "-O";
				VALIDATE_PRODUCT = YES;
			};
			name = Release;
		};
		EC8C58B624A438D90017A157 /* Debug */ = {
			isa = XCBuildConfiguration;
			buildSettings = {
				ASSETCATALOG_COMPILER_APPICON_NAME = AppIcon;
				CODE_SIGN_STYLE = Automatic;
				DEVELOPMENT_TEAM = F9SX4DBXL5;
				INFOPLIST_FILE = iEat2/Info.plist;
				LD_RUNPATH_SEARCH_PATHS = (
					"$(inherited)",
					"@executable_path/Frameworks",
				);
				PRODUCT_BUNDLE_IDENTIFIER = Jungjaluenchisuk.iEat2;
				PRODUCT_NAME = "$(TARGET_NAME)";
				SWIFT_VERSION = 5.0;
				TARGETED_DEVICE_FAMILY = "1,2";
			};
			name = Debug;
		};
		EC8C58B724A438D90017A157 /* Release */ = {
			isa = XCBuildConfiguration;
			buildSettings = {
				ASSETCATALOG_COMPILER_APPICON_NAME = AppIcon;
				CODE_SIGN_STYLE = Automatic;
				DEVELOPMENT_TEAM = F9SX4DBXL5;
				INFOPLIST_FILE = iEat2/Info.plist;
				LD_RUNPATH_SEARCH_PATHS = (
					"$(inherited)",
					"@executable_path/Frameworks",
				);
				PRODUCT_BUNDLE_IDENTIFIER = Jungjaluenchisuk.iEat2;
				PRODUCT_NAME = "$(TARGET_NAME)";
				SWIFT_VERSION = 5.0;
				TARGETED_DEVICE_FAMILY = "1,2";
			};
			name = Release;
		};
/* End XCBuildConfiguration section */

/* Begin XCConfigurationList section */
		EC8C589924A438D70017A157 /* Build configuration list for PBXProject "iEat2" */ = {
			isa = XCConfigurationList;
			buildConfigurations = (
				EC8C58B324A438D90017A157 /* Debug */,
				EC8C58B424A438D90017A157 /* Release */,
			);
			defaultConfigurationIsVisible = 0;
			defaultConfigurationName = Release;
		};
		EC8C58B524A438D90017A157 /* Build configuration list for PBXNativeTarget "iEat2" */ = {
			isa = XCConfigurationList;
			buildConfigurations = (
				EC8C58B624A438D90017A157 /* Debug */,
				EC8C58B724A438D90017A157 /* Release */,
			);
			defaultConfigurationIsVisible = 0;
			defaultConfigurationName = Release;
		};
/* End XCConfigurationList section */

/* Begin XCVersionGroup section */
		EC8C58AA24A438D70017A157 /* iEat2.xcdatamodeld */ = {
			isa = XCVersionGroup;
			children = (
				EC8C58AB24A438D70017A157 /* iEat2.xcdatamodel */,
			);
			currentVersion = EC8C58AB24A438D70017A157 /* iEat2.xcdatamodel */;
			path = iEat2.xcdatamodeld;
			sourceTree = "<group>";
			versionGroupType = wrapper.xcdatamodel;
		};
/* End XCVersionGroup section */
	};
	rootObject = EC8C589624A438D70017A157 /* Project object */;
}
